{
  "version": 4,
  "terraform_version": "1.12.2",
  "serial": 69,
  "lineage": "b2ed6432-0c68-b598-fd38-ad2c08112ec8",
  "outputs": {
    "bigquery_datasets": {
      "value": {
        "analytics": "intelligent_dataops_analytics",
        "realtime": "intelligent_dataops_realtime"
      },
      "type": [
        "object",
        {
          "analytics": "string",
          "realtime": "string"
        }
      ]
    },
    "bigquery_tables": {
      "value": {
        "deliveries": "intelligent_dataops_analytics.deliveries",
        "iot_telemetry": "intelligent_dataops_analytics.iot_telemetry",
        "vehicles": "intelligent_dataops_analytics.vehicles"
      },
      "type": [
        "object",
        {
          "deliveries": "string",
          "iot_telemetry": "string",
          "vehicles": "string"
        }
      ]
    },
    "estimated_monthly_cost": {
      "value": {
        "bigquery": "~$5-15 (depends on queries)",
        "budget_limit": "$100/month",
        "monitoring": "~$1-3",
        "pubsub": "~$2-5 (first 10GB free)",
        "storage_standard": "~$5-10 (depends on data volume)",
        "total_estimated": "~$13-33/month for Phase 1"
      },
      "type": [
        "object",
        {
          "bigquery": "string",
          "budget_limit": "string",
          "monitoring": "string",
          "pubsub": "string",
          "storage_standard": "string",
          "total_estimated": "string"
        }
      ]
    },
    "next_steps": {
      "value": [
        "1. Verify all resources are created successfully",
        "2. Test Pub/Sub message publishing and consumption",
        "3. Load sample data into BigQuery tables",
        "4. Set up basic Dataflow pipeline",
        "5. Configure monitoring dashboards",
        "6. Proceed to Phase 2: Data Processing \u0026 ML Models"
      ],
      "type": [
        "tuple",
        [
          "string",
          "string",
          "string",
          "string",
          "string",
          "string"
        ]
      ]
    },
    "project_info": {
      "value": {
        "environment": "dev",
        "project_id": "manish-sandpit",
        "region": "us-central1",
        "zone": "us-central1-a"
      },
      "type": [
        "object",
        {
          "environment": "string",
          "project_id": "string",
          "region": "string",
          "zone": "string"
        }
      ]
    },
    "pubsub_subscriptions": {
      "value": {
        "dead_letter": "dead-letter-subscription",
        "delivery_events": "delivery-events-subscription",
        "iot_telemetry": "iot-telemetry-subscription",
        "supplier_updates": "supplier-updates-subscription",
        "system_alerts": "system-alerts-subscription"
      },
      "type": [
        "object",
        {
          "dead_letter": "string",
          "delivery_events": "string",
          "iot_telemetry": "string",
          "supplier_updates": "string",
          "system_alerts": "string"
        }
      ]
    },
    "pubsub_topics": {
      "value": {
        "dead_letter": "dead-letter",
        "delivery_events": "delivery-events",
        "iot_telemetry": "iot-telemetry",
        "supplier_updates": "supplier-updates",
        "system_alerts": "system-alerts"
      },
      "type": [
        "object",
        {
          "dead_letter": "string",
          "delivery_events": "string",
          "iot_telemetry": "string",
          "supplier_updates": "string",
          "system_alerts": "string"
        }
      ]
    },
    "storage_buckets": {
      "value": {
        "dataflow_temp": "gs://manish-sandpit-dataflow-temp",
        "processed_data": "gs://manish-sandpit-processed-data",
        "raw_data_lake": "gs://manish-sandpit-raw-data-lake"
      },
      "type": [
        "object",
        {
          "dataflow_temp": "string",
          "processed_data": "string",
          "raw_data_lake": "string"
        }
      ]
    }
  },
  "resources": [
    {
      "mode": "managed",
      "type": "google_bigquery_dataset",
      "name": "analytics",
      "provider": "provider[\"registry.terraform.io/hashicorp/google\"]",
      "instances": [
        {
          "schema_version": 0,
          "attributes": {
            "access": [
              {
                "dataset": [],
                "domain": "",
                "group_by_email": "",
                "iam_member": "",
                "role": "OWNER",
                "routine": [],
                "special_group": "",
                "user_by_email": "manish.arora@intelia.com.au",
                "view": []
              },
              {
                "dataset": [],
                "domain": "",
                "group_by_email": "",
                "iam_member": "",
                "role": "OWNER",
                "routine": [],
                "special_group": "projectOwners",
                "user_by_email": "",
                "view": []
              },
              {
                "dataset": [],
                "domain": "",
                "group_by_email": "",
                "iam_member": "",
                "role": "READER",
                "routine": [],
                "special_group": "projectReaders",
                "user_by_email": "",
                "view": []
              },
              {
                "dataset": [],
                "domain": "",
                "group_by_email": "",
                "iam_member": "",
                "role": "WRITER",
                "routine": [],
                "special_group": "projectWriters",
                "user_by_email": "",
                "view": []
              }
            ],
            "creation_time": 1755146968923,
            "dataset_id": "intelligent_dataops_analytics",
            "default_collation": "",
            "default_encryption_configuration": [],
            "default_partition_expiration_ms": 0,
            "default_table_expiration_ms": 7776000000,
            "delete_contents_on_destroy": false,
            "description": "Main analytics dataset for intelligent dataops platform",
            "effective_labels": {
              "cost_center": "learning",
              "environment": "dev",
              "phase": "1-foundation",
              "project": "intelligent-dataops"
            },
            "etag": "X37+9pTdv0ar36cwU2sIVA==",
            "external_dataset_reference": [],
            "friendly_name": "",
            "id": "projects/manish-sandpit/datasets/intelligent_dataops_analytics",
            "is_case_insensitive": false,
            "labels": {
              "cost_center": "learning",
              "environment": "dev",
              "phase": "1-foundation",
              "project": "intelligent-dataops"
            },
            "last_modified_time": 1755146968923,
            "location": "us-central1",
            "max_time_travel_hours": "168",
            "project": "manish-sandpit",
            "resource_tags": {},
            "self_link": "https://bigquery.googleapis.com/bigquery/v2/projects/manish-sandpit/datasets/intelligent_dataops_analytics",
            "storage_billing_model": "",
            "terraform_labels": {
              "cost_center": "learning",
              "environment": "dev",
              "phase": "1-foundation",
              "project": "intelligent-dataops"
            },
            "timeouts": null
          },
          "sensitive_attributes": [],
          "identity_schema_version": 0,
          "private": "eyJlMmJmYjczMC1lY2FhLTExZTYtOGY4OC0zNDM2M2JjN2M0YzAiOnsiY3JlYXRlIjoxMjAwMDAwMDAwMDAwLCJkZWxldGUiOjEyMDAwMDAwMDAwMDAsInVwZGF0ZSI6MTIwMDAwMDAwMDAwMH19"
        }
      ]
    },
    {
      "mode": "managed",
      "type": "google_bigquery_dataset",
      "name": "realtime",
      "provider": "provider[\"registry.terraform.io/hashicorp/google\"]",
      "instances": [
        {
          "schema_version": 0,
          "attributes": {
            "access": [
              {
                "dataset": [],
                "domain": "",
                "group_by_email": "",
                "iam_member": "",
                "role": "OWNER",
                "routine": [],
                "special_group": "",
                "user_by_email": "manish.arora@intelia.com.au",
                "view": []
              },
              {
                "dataset": [],
                "domain": "",
                "group_by_email": "",
                "iam_member": "",
                "role": "OWNER",
                "routine": [],
                "special_group": "projectOwners",
                "user_by_email": "",
                "view": []
              },
              {
                "dataset": [],
                "domain": "",
                "group_by_email": "",
                "iam_member": "",
                "role": "READER",
                "routine": [],
                "special_group": "projectReaders",
                "user_by_email": "",
                "view": []
              },
              {
                "dataset": [],
                "domain": "",
                "group_by_email": "",
                "iam_member": "",
                "role": "WRITER",
                "routine": [],
                "special_group": "projectWriters",
                "user_by_email": "",
                "view": []
              }
            ],
            "creation_time": 1755147295822,
            "dataset_id": "intelligent_dataops_realtime",
            "default_collation": "",
            "default_encryption_configuration": [],
            "default_partition_expiration_ms": 0,
            "default_table_expiration_ms": 2592000000,
            "delete_contents_on_destroy": false,
            "description": "Real-time operational data",
            "effective_labels": {
              "cost_center": "learning",
              "environment": "dev",
              "phase": "1-foundation",
              "project": "intelligent-dataops"
            },
            "etag": "B3BwR0wNpUr8Z/iF3TIUNA==",
            "external_dataset_reference": [],
            "friendly_name": "",
            "id": "projects/manish-sandpit/datasets/intelligent_dataops_realtime",
            "is_case_insensitive": false,
            "labels": {
              "cost_center": "learning",
              "environment": "dev",
              "phase": "1-foundation",
              "project": "intelligent-dataops"
            },
            "last_modified_time": 1755147295822,
            "location": "us-central1",
            "max_time_travel_hours": "168",
            "project": "manish-sandpit",
            "resource_tags": {},
            "self_link": "https://bigquery.googleapis.com/bigquery/v2/projects/manish-sandpit/datasets/intelligent_dataops_realtime",
            "storage_billing_model": "",
            "terraform_labels": {
              "cost_center": "learning",
              "environment": "dev",
              "phase": "1-foundation",
              "project": "intelligent-dataops"
            },
            "timeouts": null
          },
          "sensitive_attributes": [],
          "identity_schema_version": 0,
          "private": "eyJlMmJmYjczMC1lY2FhLTExZTYtOGY4OC0zNDM2M2JjN2M0YzAiOnsiY3JlYXRlIjoxMjAwMDAwMDAwMDAwLCJkZWxldGUiOjEyMDAwMDAwMDAwMDAsInVwZGF0ZSI6MTIwMDAwMDAwMDAwMH19"
        }
      ]
    },
    {
      "mode": "managed",
      "type": "google_bigquery_table",
      "name": "deliveries",
      "provider": "provider[\"registry.terraform.io/hashicorp/google\"]",
      "instances": [
        {
          "schema_version": 0,
          "attributes": {
            "allow_resource_tags_on_deletion": false,
            "clustering": [
              "status",
              "route_id"
            ],
            "creation_time": 1755146969969,
            "dataset_id": "intelligent_dataops_analytics",
            "deletion_protection": true,
            "description": "",
            "effective_labels": {
              "cost_center": "learning",
              "environment": "dev",
              "phase": "1-foundation",
              "project": "intelligent-dataops"
            },
            "encryption_configuration": [],
            "etag": "MXiEj/yt/MCba4l3C081KA==",
            "expiration_time": 1762922969969,
            "external_data_configuration": [],
            "friendly_name": "",
            "id": "projects/manish-sandpit/datasets/intelligent_dataops_analytics/tables/deliveries",
            "labels": {
              "cost_center": "learning",
              "environment": "dev",
              "phase": "1-foundation",
              "project": "intelligent-dataops"
            },
            "last_modified_time": 1755146970038,
            "location": "us-central1",
            "materialized_view": [],
            "max_staleness": "",
            "num_bytes": 0,
            "num_long_term_bytes": 0,
            "num_rows": 0,
            "project": "manish-sandpit",
            "range_partitioning": [],
            "require_partition_filter": false,
            "resource_tags": {},
            "schema": "[{\"description\":\"Unique delivery identifier\",\"mode\":\"REQUIRED\",\"name\":\"delivery_id\",\"type\":\"STRING\"},{\"description\":\"Customer identifier\",\"mode\":\"REQUIRED\",\"name\":\"customer_id\",\"type\":\"STRING\"},{\"description\":\"Assigned vehicle\",\"mode\":\"REQUIRED\",\"name\":\"vehicle_id\",\"type\":\"STRING\"},{\"description\":\"Delivery route identifier\",\"mode\":\"NULLABLE\",\"name\":\"route_id\",\"type\":\"STRING\"},{\"description\":\"Delivery status\",\"mode\":\"REQUIRED\",\"name\":\"status\",\"type\":\"STRING\"},{\"description\":\"Scheduled delivery date\",\"mode\":\"REQUIRED\",\"name\":\"scheduled_delivery_date\",\"type\":\"DATE\"},{\"description\":\"Estimated delivery time\",\"mode\":\"NULLABLE\",\"name\":\"estimated_delivery_time\",\"type\":\"TIMESTAMP\"},{\"description\":\"Actual delivery time\",\"mode\":\"NULLABLE\",\"name\":\"actual_delivery_time\",\"type\":\"TIMESTAMP\"},{\"description\":\"Pickup location coordinates\",\"mode\":\"NULLABLE\",\"name\":\"pickup_location\",\"type\":\"GEOGRAPHY\"},{\"description\":\"Delivery location coordinates\",\"mode\":\"NULLABLE\",\"name\":\"delivery_location\",\"type\":\"GEOGRAPHY\"},{\"description\":\"Delivery priority level\",\"mode\":\"NULLABLE\",\"name\":\"priority\",\"type\":\"STRING\"}]",
            "self_link": "https://bigquery.googleapis.com/bigquery/v2/projects/manish-sandpit/datasets/intelligent_dataops_analytics/tables/deliveries",
            "table_constraints": [],
            "table_id": "deliveries",
            "table_replication_info": [],
            "terraform_labels": {
              "cost_center": "learning",
              "environment": "dev",
              "phase": "1-foundation",
              "project": "intelligent-dataops"
            },
            "time_partitioning": [
              {
                "expiration_ms": 0,
                "field": "scheduled_delivery_date",
                "require_partition_filter": false,
                "type": "DAY"
              }
            ],
            "type": "TABLE",
            "view": []
          },
          "sensitive_attributes": [],
          "identity_schema_version": 0,
          "private": "bnVsbA==",
          "dependencies": [
            "google_bigquery_dataset.analytics"
          ]
        }
      ]
    },
    {
      "mode": "managed",
      "type": "google_bigquery_table",
      "name": "iot_telemetry",
      "provider": "provider[\"registry.terraform.io/hashicorp/google\"]",
      "instances": [
        {
          "schema_version": 0,
          "attributes": {
            "allow_resource_tags_on_deletion": false,
            "clustering": [
              "vehicle_id",
              "device_type"
            ],
            "creation_time": 1755146970692,
            "dataset_id": "intelligent_dataops_analytics",
            "deletion_protection": true,
            "description": "",
            "effective_labels": {
              "cost_center": "learning",
              "environment": "dev",
              "phase": "1-foundation",
              "project": "intelligent-dataops"
            },
            "encryption_configuration": [],
            "etag": "EYQNzGGkTxSwSqxVsU4Z0g==",
            "expiration_time": 1762922970692,
            "external_data_configuration": [],
            "friendly_name": "",
            "id": "projects/manish-sandpit/datasets/intelligent_dataops_analytics/tables/iot_telemetry",
            "labels": {
              "cost_center": "learning",
              "environment": "dev",
              "phase": "1-foundation",
              "project": "intelligent-dataops"
            },
            "last_modified_time": 1755146970847,
            "location": "us-central1",
            "materialized_view": [],
            "max_staleness": "",
            "num_bytes": 0,
            "num_long_term_bytes": 0,
            "num_rows": 0,
            "project": "manish-sandpit",
            "range_partitioning": [],
            "require_partition_filter": false,
            "resource_tags": {},
            "schema": "[{\"description\":\"Event timestamp\",\"mode\":\"REQUIRED\",\"name\":\"timestamp\",\"type\":\"TIMESTAMP\"},{\"description\":\"Vehicle identifier\",\"mode\":\"REQUIRED\",\"name\":\"vehicle_id\",\"type\":\"STRING\"},{\"description\":\"IoT device type\",\"mode\":\"REQUIRED\",\"name\":\"device_type\",\"type\":\"STRING\"},{\"description\":\"GPS latitude\",\"mode\":\"NULLABLE\",\"name\":\"latitude\",\"type\":\"FLOAT\"},{\"description\":\"GPS longitude\",\"mode\":\"NULLABLE\",\"name\":\"longitude\",\"type\":\"FLOAT\"},{\"description\":\"Vehicle speed in km/h\",\"mode\":\"NULLABLE\",\"name\":\"speed_kmh\",\"type\":\"FLOAT\"},{\"description\":\"Fuel level percentage\",\"mode\":\"NULLABLE\",\"name\":\"fuel_level\",\"type\":\"FLOAT\"},{\"description\":\"Engine status\",\"mode\":\"NULLABLE\",\"name\":\"engine_status\",\"type\":\"STRING\"},{\"description\":\"Raw telemetry data\",\"mode\":\"NULLABLE\",\"name\":\"raw_data\",\"type\":\"JSON\"}]",
            "self_link": "https://bigquery.googleapis.com/bigquery/v2/projects/manish-sandpit/datasets/intelligent_dataops_analytics/tables/iot_telemetry",
            "table_constraints": [],
            "table_id": "iot_telemetry",
            "table_replication_info": [],
            "terraform_labels": {
              "cost_center": "learning",
              "environment": "dev",
              "phase": "1-foundation",
              "project": "intelligent-dataops"
            },
            "time_partitioning": [
              {
                "expiration_ms": 0,
                "field": "timestamp",
                "require_partition_filter": false,
                "type": "DAY"
              }
            ],
            "type": "TABLE",
            "view": []
          },
          "sensitive_attributes": [],
          "identity_schema_version": 0,
          "private": "bnVsbA==",
          "dependencies": [
            "google_bigquery_dataset.analytics"
          ]
        }
      ]
    },
    {
      "mode": "managed",
      "type": "google_bigquery_table",
      "name": "vehicles",
      "provider": "provider[\"registry.terraform.io/hashicorp/google\"]",
      "instances": [
        {
          "schema_version": 0,
          "attributes": {
            "allow_resource_tags_on_deletion": false,
            "clustering": [
              "fleet_id",
              "vehicle_type"
            ],
            "creation_time": 1755146969939,
            "dataset_id": "intelligent_dataops_analytics",
            "deletion_protection": true,
            "description": "",
            "effective_labels": {
              "cost_center": "learning",
              "environment": "dev",
              "phase": "1-foundation",
              "project": "intelligent-dataops"
            },
            "encryption_configuration": [],
            "etag": "tCk7larGQWz21JXC8q4j4Q==",
            "expiration_time": 1762922969939,
            "external_data_configuration": [],
            "friendly_name": "",
            "id": "projects/manish-sandpit/datasets/intelligent_dataops_analytics/tables/vehicles",
            "labels": {
              "cost_center": "learning",
              "environment": "dev",
              "phase": "1-foundation",
              "project": "intelligent-dataops"
            },
            "last_modified_time": 1755146970035,
            "location": "us-central1",
            "materialized_view": [],
            "max_staleness": "",
            "num_bytes": 0,
            "num_long_term_bytes": 0,
            "num_rows": 0,
            "project": "manish-sandpit",
            "range_partitioning": [],
            "require_partition_filter": false,
            "resource_tags": {},
            "schema": "[{\"description\":\"Unique vehicle identifier\",\"mode\":\"REQUIRED\",\"name\":\"vehicle_id\",\"type\":\"STRING\"},{\"description\":\"Fleet identifier\",\"mode\":\"REQUIRED\",\"name\":\"fleet_id\",\"type\":\"STRING\"},{\"description\":\"Vehicle type (truck, van, etc.)\",\"mode\":\"REQUIRED\",\"name\":\"vehicle_type\",\"type\":\"STRING\"},{\"description\":\"Vehicle make and model\",\"mode\":\"NULLABLE\",\"name\":\"make_model\",\"type\":\"STRING\"},{\"description\":\"Cargo capacity in kg\",\"mode\":\"NULLABLE\",\"name\":\"capacity_kg\",\"type\":\"INTEGER\"},{\"description\":\"Fuel type\",\"mode\":\"NULLABLE\",\"name\":\"fuel_type\",\"type\":\"STRING\"},{\"description\":\"Assigned driver ID\",\"mode\":\"NULLABLE\",\"name\":\"driver_id\",\"type\":\"STRING\"},{\"description\":\"Vehicle status\",\"mode\":\"REQUIRED\",\"name\":\"status\",\"type\":\"STRING\"},{\"description\":\"Last maintenance date\",\"mode\":\"NULLABLE\",\"name\":\"last_maintenance_date\",\"type\":\"DATE\"}]",
            "self_link": "https://bigquery.googleapis.com/bigquery/v2/projects/manish-sandpit/datasets/intelligent_dataops_analytics/tables/vehicles",
            "table_constraints": [],
            "table_id": "vehicles",
            "table_replication_info": [],
            "terraform_labels": {
              "cost_center": "learning",
              "environment": "dev",
              "phase": "1-foundation",
              "project": "intelligent-dataops"
            },
            "time_partitioning": [],
            "type": "TABLE",
            "view": []
          },
          "sensitive_attributes": [],
          "identity_schema_version": 0,
          "private": "bnVsbA==",
          "dependencies": [
            "google_bigquery_dataset.analytics"
          ]
        }
      ]
    },
    {
      "mode": "managed",
      "type": "google_logging_project_sink",
      "name": "cost_monitoring",
      "provider": "provider[\"registry.terraform.io/hashicorp/google\"]",
      "instances": [
        {
          "schema_version": 0,
          "attributes": {
            "bigquery_options": [],
            "custom_writer_identity": null,
            "description": "",
            "destination": "bigquery.googleapis.com/projects/manish-sandpit/datasets/intelligent_dataops_analytics",
            "disabled": false,
            "exclusions": [],
            "filter": "resource.type=\"billing_account\" OR\n    resource.type=\"gce_instance\" OR\n    resource.type=\"cloud_function\" OR\n    resource.type=\"dataflow_job\" OR\n    protoPayload.methodName=\"storage.objects.create\" OR\n    protoPayload.methodName=\"storage.objects.delete\"",
            "id": "projects/manish-sandpit/sinks/cost-monitoring-sink",
            "name": "cost-monitoring-sink",
            "project": "manish-sandpit",
            "unique_writer_identity": true,
            "writer_identity": "serviceAccount:service-98704470182@gcp-sa-logging.iam.gserviceaccount.com"
          },
          "sensitive_attributes": [],
          "identity_schema_version": 0,
          "private": "bnVsbA==",
          "dependencies": [
            "google_bigquery_dataset.analytics"
          ]
        }
      ]
    },
    {
      "mode": "managed",
      "type": "google_monitoring_alert_policy",
      "name": "storage_alert",
      "provider": "provider[\"registry.terraform.io/hashicorp/google\"]",
      "instances": [
        {
          "schema_version": 0,
          "attributes": {
            "alert_strategy": [
              {
                "auto_close": "1800s",
                "notification_channel_strategy": [],
                "notification_rate_limit": []
              }
            ],
            "combiner": "OR",
            "conditions": [
              {
                "condition_absent": [],
                "condition_matched_log": [],
                "condition_monitoring_query_language": [],
                "condition_prometheus_query_language": [],
                "condition_threshold": [
                  {
                    "aggregations": [
                      {
                        "alignment_period": "3600s",
                        "cross_series_reducer": "",
                        "group_by_fields": null,
                        "per_series_aligner": "ALIGN_MEAN"
                      }
                    ],
                    "comparison": "COMPARISON_GT",
                    "denominator_aggregations": [],
                    "denominator_filter": "",
                    "duration": "300s",
                    "evaluation_missing_data": "",
                    "filter": "metric.type=\"storage.googleapis.com/storage/total_bytes\" AND resource.type=\"gcs_bucket\"",
                    "forecast_options": [],
                    "threshold_value": 1000000000,
                    "trigger": []
                  }
                ],
                "display_name": "Storage Usage Threshold",
                "name": "projects/manish-sandpit/alertPolicies/16115149168486755101/conditions/16115149168486752892"
              }
            ],
            "creation_record": [
              {
                "mutate_time": "2025-08-14T05:02:39.846605699Z",
                "mutated_by": "manish.arora@intelia.com.au"
              }
            ],
            "display_name": "High Storage Usage Alert",
            "documentation": [],
            "enabled": true,
            "id": "projects/manish-sandpit/alertPolicies/16115149168486755101",
            "name": "projects/manish-sandpit/alertPolicies/16115149168486755101",
            "notification_channels": [],
            "project": "manish-sandpit",
            "severity": "",
            "timeouts": null,
            "user_labels": null
          },
          "sensitive_attributes": [],
          "identity_schema_version": 0,
          "private": "eyJlMmJmYjczMC1lY2FhLTExZTYtOGY4OC0zNDM2M2JjN2M0YzAiOnsiY3JlYXRlIjoxMjAwMDAwMDAwMDAwLCJkZWxldGUiOjEyMDAwMDAwMDAwMDAsInVwZGF0ZSI6MTIwMDAwMDAwMDAwMH19"
        }
      ]
    },
    {
      "mode": "managed",
      "type": "google_monitoring_dashboard",
      "name": "cost_overview",
      "provider": "provider[\"registry.terraform.io/hashicorp/google\"]",
      "instances": [
        {
          "schema_version": 0,
          "attributes": {
            "dashboard_json": "{\"displayName\":\"Intelligent DataOps - Cost Overview\",\"etag\":\"17f54a3a0a8d8f9ef052f5cc3098ca33\",\"mosaicLayout\":{\"columns\":12,\"tiles\":[{\"height\":4,\"widget\":{\"title\":\"Storage Usage\",\"xyChart\":{\"dataSets\":[{\"plotType\":\"LINE\",\"targetAxis\":\"Y1\",\"timeSeriesQuery\":{\"timeSeriesFilter\":{\"aggregation\":{\"alignmentPeriod\":\"3600s\",\"perSeriesAligner\":\"ALIGN_MEAN\"},\"filter\":\"metric.type=\\\"storage.googleapis.com/storage/total_bytes\\\" AND resource.type=\\\"gcs_bucket\\\"\"}}}]}},\"width\":6},{\"height\":4,\"widget\":{\"title\":\"Pub/Sub Messages\",\"xyChart\":{\"dataSets\":[{\"plotType\":\"LINE\",\"targetAxis\":\"Y1\",\"timeSeriesQuery\":{\"timeSeriesFilter\":{\"aggregation\":{\"alignmentPeriod\":\"3600s\",\"perSeriesAligner\":\"ALIGN_RATE\"},\"filter\":\"metric.type=\\\"pubsub.googleapis.com/topic/send_message_operation_count\\\" AND resource.type=\\\"pubsub_topic\\\"\"}}}]}},\"width\":6,\"xPos\":6}]},\"name\":\"projects/98704470182/dashboards/6daa5cc7-0f72-4bcc-a8a7-3cc6b25133d2\"}",
            "id": "projects/98704470182/dashboards/6daa5cc7-0f72-4bcc-a8a7-3cc6b25133d2",
            "project": "manish-sandpit",
            "timeouts": null
          },
          "sensitive_attributes": [],
          "identity_schema_version": 0,
          "private": "eyJlMmJmYjczMC1lY2FhLTExZTYtOGY4OC0zNDM2M2JjN2M0YzAiOnsiY3JlYXRlIjoyNDAwMDAwMDAwMDAsImRlbGV0ZSI6MjQwMDAwMDAwMDAwLCJ1cGRhdGUiOjI0MDAwMDAwMDAwMH19"
        }
      ]
    },
    {
      "mode": "managed",
      "type": "google_pubsub_subscription",
      "name": "dead_letter_sub",
      "provider": "provider[\"registry.terraform.io/hashicorp/google\"]",
      "instances": [
        {
          "schema_version": 0,
          "attributes": {
            "ack_deadline_seconds": 600,
            "bigquery_config": [],
            "cloud_storage_config": [],
            "dead_letter_policy": [],
            "effective_labels": {
              "cost_center": "learning",
              "environment": "dev",
              "phase": "1-foundation",
              "project": "intelligent-dataops"
            },
            "enable_exactly_once_delivery": false,
            "enable_message_ordering": false,
            "expiration_policy": [
              {
                "ttl": "2678400s"
              }
            ],
            "filter": "",
            "id": "projects/manish-sandpit/subscriptions/dead-letter-subscription",
            "labels": {
              "cost_center": "learning",
              "environment": "dev",
              "phase": "1-foundation",
              "project": "intelligent-dataops"
            },
            "message_retention_duration": "259200s",
            "name": "dead-letter-subscription",
            "project": "manish-sandpit",
            "push_config": [],
            "retain_acked_messages": false,
            "retry_policy": [],
            "terraform_labels": {
              "cost_center": "learning",
              "environment": "dev",
              "phase": "1-foundation",
              "project": "intelligent-dataops"
            },
            "timeouts": null,
            "topic": "projects/manish-sandpit/topics/dead-letter"
          },
          "sensitive_attributes": [],
          "identity_schema_version": 0,
          "private": "eyJlMmJmYjczMC1lY2FhLTExZTYtOGY4OC0zNDM2M2JjN2M0YzAiOnsiY3JlYXRlIjoxMjAwMDAwMDAwMDAwLCJkZWxldGUiOjEyMDAwMDAwMDAwMDAsInVwZGF0ZSI6MTIwMDAwMDAwMDAwMH19",
          "dependencies": [
            "google_pubsub_topic.dead_letter"
          ]
        }
      ]
    },
    {
      "mode": "managed",
      "type": "google_pubsub_subscription",
      "name": "delivery_events_sub",
      "provider": "provider[\"registry.terraform.io/hashicorp/google\"]",
      "instances": [
        {
          "schema_version": 0,
          "attributes": {
            "ack_deadline_seconds": 20,
            "bigquery_config": [],
            "cloud_storage_config": [],
            "dead_letter_policy": [
              {
                "dead_letter_topic": "projects/manish-sandpit/topics/dead-letter",
                "max_delivery_attempts": 5
              }
            ],
            "effective_labels": {
              "cost_center": "learning",
              "environment": "dev",
              "phase": "1-foundation",
              "project": "intelligent-dataops"
            },
            "enable_exactly_once_delivery": false,
            "enable_message_ordering": false,
            "expiration_policy": [
              {
                "ttl": "2678400s"
              }
            ],
            "filter": "",
            "id": "projects/manish-sandpit/subscriptions/delivery-events-subscription",
            "labels": {
              "cost_center": "learning",
              "environment": "dev",
              "phase": "1-foundation",
              "project": "intelligent-dataops"
            },
            "message_retention_duration": "604800s",
            "name": "delivery-events-subscription",
            "project": "manish-sandpit",
            "push_config": [],
            "retain_acked_messages": false,
            "retry_policy": [],
            "terraform_labels": {
              "cost_center": "learning",
              "environment": "dev",
              "phase": "1-foundation",
              "project": "intelligent-dataops"
            },
            "timeouts": null,
            "topic": "projects/manish-sandpit/topics/delivery-events"
          },
          "sensitive_attributes": [],
          "identity_schema_version": 0,
          "private": "eyJlMmJmYjczMC1lY2FhLTExZTYtOGY4OC0zNDM2M2JjN2M0YzAiOnsiY3JlYXRlIjoxMjAwMDAwMDAwMDAwLCJkZWxldGUiOjEyMDAwMDAwMDAwMDAsInVwZGF0ZSI6MTIwMDAwMDAwMDAwMH19",
          "dependencies": [
            "google_pubsub_topic.dead_letter",
            "google_pubsub_topic.delivery_events"
          ]
        }
      ]
    },
    {
      "mode": "managed",
      "type": "google_pubsub_subscription",
      "name": "iot_telemetry_sub",
      "provider": "provider[\"registry.terraform.io/hashicorp/google\"]",
      "instances": [
        {
          "schema_version": 0,
          "attributes": {
            "ack_deadline_seconds": 20,
            "bigquery_config": [],
            "cloud_storage_config": [],
            "dead_letter_policy": [
              {
                "dead_letter_topic": "projects/manish-sandpit/topics/dead-letter",
                "max_delivery_attempts": 5
              }
            ],
            "effective_labels": {
              "cost_center": "learning",
              "environment": "dev",
              "phase": "1-foundation",
              "project": "intelligent-dataops"
            },
            "enable_exactly_once_delivery": false,
            "enable_message_ordering": false,
            "expiration_policy": [
              {
                "ttl": "2678400s"
              }
            ],
            "filter": "",
            "id": "projects/manish-sandpit/subscriptions/iot-telemetry-subscription",
            "labels": {
              "cost_center": "learning",
              "environment": "dev",
              "phase": "1-foundation",
              "project": "intelligent-dataops"
            },
            "message_retention_duration": "604800s",
            "name": "iot-telemetry-subscription",
            "project": "manish-sandpit",
            "push_config": [],
            "retain_acked_messages": false,
            "retry_policy": [
              {
                "maximum_backoff": "600s",
                "minimum_backoff": "10s"
              }
            ],
            "terraform_labels": {
              "cost_center": "learning",
              "environment": "dev",
              "phase": "1-foundation",
              "project": "intelligent-dataops"
            },
            "timeouts": null,
            "topic": "projects/manish-sandpit/topics/iot-telemetry"
          },
          "sensitive_attributes": [],
          "identity_schema_version": 0,
          "private": "eyJlMmJmYjczMC1lY2FhLTExZTYtOGY4OC0zNDM2M2JjN2M0YzAiOnsiY3JlYXRlIjoxMjAwMDAwMDAwMDAwLCJkZWxldGUiOjEyMDAwMDAwMDAwMDAsInVwZGF0ZSI6MTIwMDAwMDAwMDAwMH19",
          "dependencies": [
            "google_pubsub_topic.dead_letter",
            "google_pubsub_topic.iot_telemetry"
          ]
        }
      ]
    },
    {
      "mode": "managed",
      "type": "google_pubsub_subscription",
      "name": "supplier_updates_sub",
      "provider": "provider[\"registry.terraform.io/hashicorp/google\"]",
      "instances": [
        {
          "schema_version": 0,
          "attributes": {
            "ack_deadline_seconds": 20,
            "bigquery_config": [],
            "cloud_storage_config": [],
            "dead_letter_policy": [
              {
                "dead_letter_topic": "projects/manish-sandpit/topics/dead-letter",
                "max_delivery_attempts": 5
              }
            ],
            "effective_labels": {
              "cost_center": "learning",
              "environment": "dev",
              "phase": "1-foundation",
              "project": "intelligent-dataops"
            },
            "enable_exactly_once_delivery": false,
            "enable_message_ordering": false,
            "expiration_policy": [
              {
                "ttl": "2678400s"
              }
            ],
            "filter": "",
            "id": "projects/manish-sandpit/subscriptions/supplier-updates-subscription",
            "labels": {
              "cost_center": "learning",
              "environment": "dev",
              "phase": "1-foundation",
              "project": "intelligent-dataops"
            },
            "message_retention_duration": "604800s",
            "name": "supplier-updates-subscription",
            "project": "manish-sandpit",
            "push_config": [],
            "retain_acked_messages": false,
            "retry_policy": [],
            "terraform_labels": {
              "cost_center": "learning",
              "environment": "dev",
              "phase": "1-foundation",
              "project": "intelligent-dataops"
            },
            "timeouts": null,
            "topic": "projects/manish-sandpit/topics/supplier-updates"
          },
          "sensitive_attributes": [],
          "identity_schema_version": 0,
          "private": "eyJlMmJmYjczMC1lY2FhLTExZTYtOGY4OC0zNDM2M2JjN2M0YzAiOnsiY3JlYXRlIjoxMjAwMDAwMDAwMDAwLCJkZWxldGUiOjEyMDAwMDAwMDAwMDAsInVwZGF0ZSI6MTIwMDAwMDAwMDAwMH19",
          "dependencies": [
            "google_pubsub_topic.dead_letter",
            "google_pubsub_topic.supplier_updates"
          ]
        }
      ]
    },
    {
      "mode": "managed",
      "type": "google_pubsub_subscription",
      "name": "system_alerts_sub",
      "provider": "provider[\"registry.terraform.io/hashicorp/google\"]",
      "instances": [
        {
          "schema_version": 0,
          "attributes": {
            "ack_deadline_seconds": 10,
            "bigquery_config": [],
            "cloud_storage_config": [],
            "dead_letter_policy": [],
            "effective_labels": {
              "cost_center": "learning",
              "environment": "dev",
              "phase": "1-foundation",
              "project": "intelligent-dataops"
            },
            "enable_exactly_once_delivery": false,
            "enable_message_ordering": false,
            "expiration_policy": [
              {
                "ttl": "2678400s"
              }
            ],
            "filter": "",
            "id": "projects/manish-sandpit/subscriptions/system-alerts-subscription",
            "labels": {
              "cost_center": "learning",
              "environment": "dev",
              "phase": "1-foundation",
              "project": "intelligent-dataops"
            },
            "message_retention_duration": "259200s",
            "name": "system-alerts-subscription",
            "project": "manish-sandpit",
            "push_config": [],
            "retain_acked_messages": false,
            "retry_policy": [],
            "terraform_labels": {
              "cost_center": "learning",
              "environment": "dev",
              "phase": "1-foundation",
              "project": "intelligent-dataops"
            },
            "timeouts": null,
            "topic": "projects/manish-sandpit/topics/system-alerts"
          },
          "sensitive_attributes": [],
          "identity_schema_version": 0,
          "private": "eyJlMmJmYjczMC1lY2FhLTExZTYtOGY4OC0zNDM2M2JjN2M0YzAiOnsiY3JlYXRlIjoxMjAwMDAwMDAwMDAwLCJkZWxldGUiOjEyMDAwMDAwMDAwMDAsInVwZGF0ZSI6MTIwMDAwMDAwMDAwMH19",
          "dependencies": [
            "google_pubsub_topic.system_alerts"
          ]
        }
      ]
    },
    {
      "mode": "managed",
      "type": "google_pubsub_topic",
      "name": "dead_letter",
      "provider": "provider[\"registry.terraform.io/hashicorp/google\"]",
      "instances": [
        {
          "schema_version": 0,
          "attributes": {
            "effective_labels": {
              "cost_center": "learning",
              "environment": "dev",
              "phase": "1-foundation",
              "project": "intelligent-dataops"
            },
            "id": "projects/manish-sandpit/topics/dead-letter",
            "ingestion_data_source_settings": [],
            "kms_key_name": "",
            "labels": {
              "cost_center": "learning",
              "environment": "dev",
              "phase": "1-foundation",
              "project": "intelligent-dataops"
            },
            "message_retention_duration": "259200s",
            "message_storage_policy": [],
            "name": "dead-letter",
            "project": "manish-sandpit",
            "schema_settings": [],
            "terraform_labels": {
              "cost_center": "learning",
              "environment": "dev",
              "phase": "1-foundation",
              "project": "intelligent-dataops"
            },
            "timeouts": null
          },
          "sensitive_attributes": [],
          "identity_schema_version": 0,
          "private": "eyJlMmJmYjczMC1lY2FhLTExZTYtOGY4OC0zNDM2M2JjN2M0YzAiOnsiY3JlYXRlIjoxMjAwMDAwMDAwMDAwLCJkZWxldGUiOjEyMDAwMDAwMDAwMDAsInVwZGF0ZSI6MTIwMDAwMDAwMDAwMH19"
        }
      ]
    },
    {
      "mode": "managed",
      "type": "google_pubsub_topic",
      "name": "delivery_events",
      "provider": "provider[\"registry.terraform.io/hashicorp/google\"]",
      "instances": [
        {
          "schema_version": 0,
          "attributes": {
            "effective_labels": {
              "cost_center": "learning",
              "environment": "dev",
              "phase": "1-foundation",
              "project": "intelligent-dataops"
            },
            "id": "projects/manish-sandpit/topics/delivery-events",
            "ingestion_data_source_settings": [],
            "kms_key_name": "",
            "labels": {
              "cost_center": "learning",
              "environment": "dev",
              "phase": "1-foundation",
              "project": "intelligent-dataops"
            },
            "message_retention_duration": "604800s",
            "message_storage_policy": [],
            "name": "delivery-events",
            "project": "manish-sandpit",
            "schema_settings": [],
            "terraform_labels": {
              "cost_center": "learning",
              "environment": "dev",
              "phase": "1-foundation",
              "project": "intelligent-dataops"
            },
            "timeouts": null
          },
          "sensitive_attributes": [],
          "identity_schema_version": 0,
          "private": "eyJlMmJmYjczMC1lY2FhLTExZTYtOGY4OC0zNDM2M2JjN2M0YzAiOnsiY3JlYXRlIjoxMjAwMDAwMDAwMDAwLCJkZWxldGUiOjEyMDAwMDAwMDAwMDAsInVwZGF0ZSI6MTIwMDAwMDAwMDAwMH19"
        }
      ]
    },
    {
      "mode": "managed",
      "type": "google_pubsub_topic",
      "name": "iot_telemetry",
      "provider": "provider[\"registry.terraform.io/hashicorp/google\"]",
      "instances": [
        {
          "schema_version": 0,
          "attributes": {
            "effective_labels": {
              "cost_center": "learning",
              "environment": "dev",
              "phase": "1-foundation",
              "project": "intelligent-dataops"
            },
            "id": "projects/manish-sandpit/topics/iot-telemetry",
            "ingestion_data_source_settings": [],
            "kms_key_name": "",
            "labels": {
              "cost_center": "learning",
              "environment": "dev",
              "phase": "1-foundation",
              "project": "intelligent-dataops"
            },
            "message_retention_duration": "604800s",
            "message_storage_policy": [],
            "name": "iot-telemetry",
            "project": "manish-sandpit",
            "schema_settings": [],
            "terraform_labels": {
              "cost_center": "learning",
              "environment": "dev",
              "phase": "1-foundation",
              "project": "intelligent-dataops"
            },
            "timeouts": null
          },
          "sensitive_attributes": [],
          "identity_schema_version": 0,
          "private": "eyJlMmJmYjczMC1lY2FhLTExZTYtOGY4OC0zNDM2M2JjN2M0YzAiOnsiY3JlYXRlIjoxMjAwMDAwMDAwMDAwLCJkZWxldGUiOjEyMDAwMDAwMDAwMDAsInVwZGF0ZSI6MTIwMDAwMDAwMDAwMH19"
        }
      ]
    },
    {
      "mode": "managed",
      "type": "google_pubsub_topic",
      "name": "supplier_updates",
      "provider": "provider[\"registry.terraform.io/hashicorp/google\"]",
      "instances": [
        {
          "schema_version": 0,
          "attributes": {
            "effective_labels": {
              "cost_center": "learning",
              "environment": "dev",
              "phase": "1-foundation",
              "project": "intelligent-dataops"
            },
            "id": "projects/manish-sandpit/topics/supplier-updates",
            "ingestion_data_source_settings": [],
            "kms_key_name": "",
            "labels": {
              "cost_center": "learning",
              "environment": "dev",
              "phase": "1-foundation",
              "project": "intelligent-dataops"
            },
            "message_retention_duration": "604800s",
            "message_storage_policy": [],
            "name": "supplier-updates",
            "project": "manish-sandpit",
            "schema_settings": [],
            "terraform_labels": {
              "cost_center": "learning",
              "environment": "dev",
              "phase": "1-foundation",
              "project": "intelligent-dataops"
            },
            "timeouts": null
          },
          "sensitive_attributes": [],
          "identity_schema_version": 0,
          "private": "eyJlMmJmYjczMC1lY2FhLTExZTYtOGY4OC0zNDM2M2JjN2M0YzAiOnsiY3JlYXRlIjoxMjAwMDAwMDAwMDAwLCJkZWxldGUiOjEyMDAwMDAwMDAwMDAsInVwZGF0ZSI6MTIwMDAwMDAwMDAwMH19"
        }
      ]
    },
    {
      "mode": "managed",
      "type": "google_pubsub_topic",
      "name": "system_alerts",
      "provider": "provider[\"registry.terraform.io/hashicorp/google\"]",
      "instances": [
        {
          "schema_version": 0,
          "attributes": {
            "effective_labels": {
              "cost_center": "learning",
              "environment": "dev",
              "phase": "1-foundation",
              "project": "intelligent-dataops"
            },
            "id": "projects/manish-sandpit/topics/system-alerts",
            "ingestion_data_source_settings": [],
            "kms_key_name": "",
            "labels": {
              "cost_center": "learning",
              "environment": "dev",
              "phase": "1-foundation",
              "project": "intelligent-dataops"
            },
            "message_retention_duration": "259200s",
            "message_storage_policy": [],
            "name": "system-alerts",
            "project": "manish-sandpit",
            "schema_settings": [],
            "terraform_labels": {
              "cost_center": "learning",
              "environment": "dev",
              "phase": "1-foundation",
              "project": "intelligent-dataops"
            },
            "timeouts": null
          },
          "sensitive_attributes": [],
          "identity_schema_version": 0,
          "private": "eyJlMmJmYjczMC1lY2FhLTExZTYtOGY4OC0zNDM2M2JjN2M0YzAiOnsiY3JlYXRlIjoxMjAwMDAwMDAwMDAwLCJkZWxldGUiOjEyMDAwMDAwMDAwMDAsInVwZGF0ZSI6MTIwMDAwMDAwMDAwMH19"
        }
      ]
    },
    {
      "mode": "managed",
      "type": "google_storage_bucket",
      "name": "dataflow_temp",
      "provider": "provider[\"registry.terraform.io/hashicorp/google\"]",
      "instances": [
        {
          "schema_version": 2,
          "attributes": {
            "autoclass": [],
            "cors": [],
            "custom_placement_config": [],
            "default_event_based_hold": false,
            "effective_labels": {
              "cost_center": "learning",
              "environment": "dev",
              "phase": "1-foundation",
              "project": "intelligent-dataops"
            },
            "enable_object_retention": false,
            "encryption": [],
            "force_destroy": true,
            "id": "manish-sandpit-dataflow-temp",
            "labels": {
              "cost_center": "learning",
              "environment": "dev",
              "phase": "1-foundation",
              "project": "intelligent-dataops"
            },
            "lifecycle_rule": [
              {
                "action": [
                  {
                    "storage_class": "",
                    "type": "Delete"
                  }
                ],
                "condition": [
                  {
                    "age": 1,
                    "created_before": "",
                    "custom_time_before": "",
                    "days_since_custom_time": 0,
                    "days_since_noncurrent_time": 0,
                    "matches_prefix": [],
                    "matches_storage_class": [],
                    "matches_suffix": [],
                    "no_age": false,
                    "noncurrent_time_before": "",
                    "num_newer_versions": 0,
                    "send_age_if_zero": true,
                    "send_days_since_custom_time_if_zero": false,
                    "send_days_since_noncurrent_time_if_zero": false,
                    "send_num_newer_versions_if_zero": false,
                    "with_state": "ANY"
                  }
                ]
              }
            ],
            "location": "US-CENTRAL1",
            "logging": [],
            "name": "manish-sandpit-dataflow-temp",
            "project": "manish-sandpit",
            "project_number": 98704470182,
            "public_access_prevention": "inherited",
            "requester_pays": false,
            "retention_policy": [],
            "rpo": null,
            "self_link": "https://www.googleapis.com/storage/v1/b/manish-sandpit-dataflow-temp",
            "soft_delete_policy": [
              {
                "effective_time": "2025-08-14T04:54:56.190Z",
                "retention_duration_seconds": 604800
              }
            ],
            "storage_class": "STANDARD",
            "terraform_labels": {
              "cost_center": "learning",
              "environment": "dev",
              "phase": "1-foundation",
              "project": "intelligent-dataops"
            },
            "timeouts": null,
            "uniform_bucket_level_access": false,
            "url": "gs://manish-sandpit-dataflow-temp",
            "versioning": [],
            "website": []
          },
          "sensitive_attributes": [],
          "identity_schema_version": 0,
          "private": "eyJlMmJmYjczMC1lY2FhLTExZTYtOGY4OC0zNDM2M2JjN2M0YzAiOnsiY3JlYXRlIjo2MDAwMDAwMDAwMDAsInJlYWQiOjI0MDAwMDAwMDAwMCwidXBkYXRlIjoyNDAwMDAwMDAwMDB9LCJzY2hlbWFfdmVyc2lvbiI6IjIifQ=="
        }
      ]
    },
    {
      "mode": "managed",
      "type": "google_storage_bucket",
      "name": "processed_data",
      "provider": "provider[\"registry.terraform.io/hashicorp/google\"]",
      "instances": [
        {
          "schema_version": 2,
          "attributes": {
            "autoclass": [],
            "cors": [],
            "custom_placement_config": [],
            "default_event_based_hold": false,
            "effective_labels": {
              "cost_center": "learning",
              "environment": "dev",
              "phase": "1-foundation",
              "project": "intelligent-dataops"
            },
            "enable_object_retention": false,
            "encryption": [],
            "force_destroy": true,
            "id": "manish-sandpit-processed-data",
            "labels": {
              "cost_center": "learning",
              "environment": "dev",
              "phase": "1-foundation",
              "project": "intelligent-dataops"
            },
            "lifecycle_rule": [
              {
                "action": [
                  {
                    "storage_class": "",
                    "type": "Delete"
                  }
                ],
                "condition": [
                  {
                    "age": 90,
                    "created_before": "",
                    "custom_time_before": "",
                    "days_since_custom_time": 0,
                    "days_since_noncurrent_time": 0,
                    "matches_prefix": [],
                    "matches_storage_class": [],
                    "matches_suffix": [],
                    "no_age": false,
                    "noncurrent_time_before": "",
                    "num_newer_versions": 0,
                    "send_age_if_zero": true,
                    "send_days_since_custom_time_if_zero": false,
                    "send_days_since_noncurrent_time_if_zero": false,
                    "send_num_newer_versions_if_zero": false,
                    "with_state": "ANY"
                  }
                ]
              },
              {
                "action": [
                  {
                    "storage_class": "NEARLINE",
                    "type": "SetStorageClass"
                  }
                ],
                "condition": [
                  {
                    "age": 14,
                    "created_before": "",
                    "custom_time_before": "",
                    "days_since_custom_time": 0,
                    "days_since_noncurrent_time": 0,
                    "matches_prefix": [],
                    "matches_storage_class": [],
                    "matches_suffix": [],
                    "no_age": false,
                    "noncurrent_time_before": "",
                    "num_newer_versions": 0,
                    "send_age_if_zero": true,
                    "send_days_since_custom_time_if_zero": false,
                    "send_days_since_noncurrent_time_if_zero": false,
                    "send_num_newer_versions_if_zero": false,
                    "with_state": "ANY"
                  }
                ]
              }
            ],
            "location": "US-CENTRAL1",
            "logging": [],
            "name": "manish-sandpit-processed-data",
            "project": "manish-sandpit",
            "project_number": 98704470182,
            "public_access_prevention": "inherited",
            "requester_pays": false,
            "retention_policy": [],
            "rpo": null,
            "self_link": "https://www.googleapis.com/storage/v1/b/manish-sandpit-processed-data",
            "soft_delete_policy": [
              {
                "effective_time": "2025-08-14T04:54:56.438Z",
                "retention_duration_seconds": 604800
              }
            ],
            "storage_class": "STANDARD",
            "terraform_labels": {
              "cost_center": "learning",
              "environment": "dev",
              "phase": "1-foundation",
              "project": "intelligent-dataops"
            },
            "timeouts": null,
            "uniform_bucket_level_access": false,
            "url": "gs://manish-sandpit-processed-data",
            "versioning": [],
            "website": []
          },
          "sensitive_attributes": [],
          "identity_schema_version": 0,
          "private": "eyJlMmJmYjczMC1lY2FhLTExZTYtOGY4OC0zNDM2M2JjN2M0YzAiOnsiY3JlYXRlIjo2MDAwMDAwMDAwMDAsInJlYWQiOjI0MDAwMDAwMDAwMCwidXBkYXRlIjoyNDAwMDAwMDAwMDB9LCJzY2hlbWFfdmVyc2lvbiI6IjIifQ=="
        }
      ]
    },
    {
      "mode": "managed",
      "type": "google_storage_bucket",
      "name": "raw_data_lake",
      "provider": "provider[\"registry.terraform.io/hashicorp/google\"]",
      "instances": [
        {
          "schema_version": 2,
          "attributes": {
            "autoclass": [],
            "cors": [],
            "custom_placement_config": [],
            "default_event_based_hold": false,
            "effective_labels": {
              "cost_center": "learning",
              "environment": "dev",
              "phase": "1-foundation",
              "project": "intelligent-dataops"
            },
            "enable_object_retention": false,
            "encryption": [],
            "force_destroy": true,
            "id": "manish-sandpit-raw-data-lake",
            "labels": {
              "cost_center": "learning",
              "environment": "dev",
              "phase": "1-foundation",
              "project": "intelligent-dataops"
            },
            "lifecycle_rule": [
              {
                "action": [
                  {
                    "storage_class": "",
                    "type": "Delete"
                  }
                ],
                "condition": [
                  {
                    "age": 30,
                    "created_before": "",
                    "custom_time_before": "",
                    "days_since_custom_time": 0,
                    "days_since_noncurrent_time": 0,
                    "matches_prefix": [],
                    "matches_storage_class": [],
                    "matches_suffix": [],
                    "no_age": false,
                    "noncurrent_time_before": "",
                    "num_newer_versions": 0,
                    "send_age_if_zero": true,
                    "send_days_since_custom_time_if_zero": false,
                    "send_days_since_noncurrent_time_if_zero": false,
                    "send_num_newer_versions_if_zero": false,
                    "with_state": "ANY"
                  }
                ]
              },
              {
                "action": [
                  {
                    "storage_class": "NEARLINE",
                    "type": "SetStorageClass"
                  }
                ],
                "condition": [
                  {
                    "age": 7,
                    "created_before": "",
                    "custom_time_before": "",
                    "days_since_custom_time": 0,
                    "days_since_noncurrent_time": 0,
                    "matches_prefix": [],
                    "matches_storage_class": [],
                    "matches_suffix": [],
                    "no_age": false,
                    "noncurrent_time_before": "",
                    "num_newer_versions": 0,
                    "send_age_if_zero": true,
                    "send_days_since_custom_time_if_zero": false,
                    "send_days_since_noncurrent_time_if_zero": false,
                    "send_num_newer_versions_if_zero": false,
                    "with_state": "ANY"
                  }
                ]
              },
              {
                "action": [
                  {
                    "storage_class": "",
                    "type": "Delete"
                  }
                ],
                "condition": [
                  {
                    "age": 0,
                    "created_before": "",
                    "custom_time_before": "",
                    "days_since_custom_time": 0,
                    "days_since_noncurrent_time": 0,
                    "matches_prefix": [],
                    "matches_storage_class": [],
                    "matches_suffix": [],
                    "no_age": false,
                    "noncurrent_time_before": "",
                    "num_newer_versions": 3,
                    "send_age_if_zero": true,
                    "send_days_since_custom_time_if_zero": false,
                    "send_days_since_noncurrent_time_if_zero": false,
                    "send_num_newer_versions_if_zero": false,
                    "with_state": "ANY"
                  }
                ]
              }
            ],
            "location": "US-CENTRAL1",
            "logging": [],
            "name": "manish-sandpit-raw-data-lake",
            "project": "manish-sandpit",
            "project_number": 98704470182,
            "public_access_prevention": "inherited",
            "requester_pays": false,
            "retention_policy": [],
            "rpo": null,
            "self_link": "https://www.googleapis.com/storage/v1/b/manish-sandpit-raw-data-lake",
            "soft_delete_policy": [
              {
                "effective_time": "2025-08-14T04:54:56.193Z",
                "retention_duration_seconds": 604800
              }
            ],
            "storage_class": "STANDARD",
            "terraform_labels": {
              "cost_center": "learning",
              "environment": "dev",
              "phase": "1-foundation",
              "project": "intelligent-dataops"
            },
            "timeouts": null,
            "uniform_bucket_level_access": false,
            "url": "gs://manish-sandpit-raw-data-lake",
            "versioning": [
              {
                "enabled": true
              }
            ],
            "website": []
          },
          "sensitive_attributes": [],
          "identity_schema_version": 0,
          "private": "eyJlMmJmYjczMC1lY2FhLTExZTYtOGY4OC0zNDM2M2JjN2M0YzAiOnsiY3JlYXRlIjo2MDAwMDAwMDAwMDAsInJlYWQiOjI0MDAwMDAwMDAwMCwidXBkYXRlIjoyNDAwMDAwMDAwMDB9LCJzY2hlbWFfdmVyc2lvbiI6IjIifQ=="
        }
      ]
    }
  ],
  "check_results": null
}
